[[package]]
category = "main"
description = "Abseil Python Common Libraries, see https://github.com/abseil/abseil-py."
name = "absl-py"
optional = false
platform = "*"
python-versions = "*"
version = "0.5.0"

[package.dependencies]
six = "*"

[[package]]
category = "main"
description = "Read/rewrite/write Python ASTs"
name = "astor"
optional = false
platform = "Independent"
python-versions = ">=2.7, !=3.0.*, !=3.1.*, !=3.2.*, !=3.3.*"
version = "0.7.1"

[[package]]
category = "dev"
description = "Atomic file writes."
name = "atomicwrites"
optional = false
platform = "*"
python-versions = ">=2.7, !=3.0.*, !=3.1.*, !=3.2.*, !=3.3.*"
version = "1.2.1"

[[package]]
category = "main"
description = "Classes Without Boilerplate"
name = "attrs"
optional = false
platform = "*"
python-versions = "*"
version = "18.2.0"

[[package]]
category = "main"
description = "Python package for providing Mozilla's CA Bundle."
name = "certifi"
optional = false
platform = "*"
python-versions = "*"
version = "2018.8.24"

[[package]]
category = "main"
description = "Universal encoding detector for Python 2 and 3"
name = "chardet"
optional = false
platform = "*"
python-versions = "*"
version = "3.0.4"

[[package]]
category = "main"
description = "Composable command line interface toolkit"
name = "click"
optional = false
platform = "*"
python-versions = ">=2.7, !=3.0.*, !=3.1.*, !=3.2.*, !=3.3.*"
version = "7.0"

[[package]]
category = "dev"
description = "Cross-platform colored terminal text."
name = "colorama"
optional = false
platform = "*"
python-versions = ">=2.7, !=3.0.*, !=3.1.*, !=3.2.*, !=3.3.*"
version = "0.4.0"

[package.requirements]
platform = "win32"

[[package]]
category = "main"
description = "Python 3.4 Enum backported to 3.3, 3.2, 3.1, 2.7, 2.6, 2.5, and 2.4"
name = "enum34"
optional = false
platform = "UNKNOWN"
python-versions = "*"
version = "1.1.6"

[[package]]
category = "main"
description = "Clean single-source support for Python 3 and 2"
name = "future"
optional = false
platform = "UNKNOWN"
python-versions = "*"
version = "0.16.0"

[[package]]
category = "main"
description = "Backport of the concurrent.futures package from Python 3.2"
name = "futures"
optional = false
platform = "UNKNOWN"
python-versions = "*"
version = "3.1.1"

[[package]]
category = "main"
description = "Python AST that abstracts the underlying Python version"
name = "gast"
optional = false
platform = "*"
python-versions = "*"
version = "0.2.0"

[[package]]
category = "main"
description = "HTTP/2-based RPC framework"
name = "grpcio"
optional = false
platform = "*"
python-versions = "*"
version = "1.15.0"

[package.dependencies]
enum34 = ">=1.0.4"
futures = ">=2.2.0"
six = ">=1.5.2"

[[package]]
category = "main"
description = "The OpenAI Gym: A toolkit for developing and comparing your reinforcement learning agents."
name = "gym"
optional = false
platform = "*"
python-versions = "*"
version = "0.10.8"

[package.dependencies]
numpy = ">=1.10.4"
pyglet = ">=1.2.0"
requests = ">=2.0"
scipy = "*"
six = "*"

[[package]]
category = "main"
description = "Read and write HDF5 files from Python"
name = "h5py"
optional = false
platform = "*"
python-versions = "*"
version = "2.8.0"

[package.dependencies]
numpy = ">=1.7"
six = "*"

[[package]]
category = "main"
description = "Internationalized Domain Names in Applications (IDNA)"
name = "idna"
optional = false
platform = "*"
python-versions = "*"
version = "2.7"

[[package]]
category = "main"
description = "Reference implementations of popular deep learning models"
name = "keras-applications"
optional = false
platform = "*"
python-versions = "*"
version = "1.0.6"

[package.dependencies]
h5py = "*"
numpy = ">=1.9.1"

[[package]]
category = "main"
description = "Easy data preprocessing and data augmentation for deep learning models"
name = "keras-preprocessing"
optional = false
platform = "*"
python-versions = "*"
version = "1.0.5"

[package.dependencies]
numpy = ">=1.9.1"
six = ">=1.9.0"

[[package]]
category = "main"
description = "Python implementation of Markdown."
name = "markdown"
optional = false
platform = "*"
python-versions = ">=2.7,!=3.0.*,!=3.1.*,!=3.2.*,!=3.3.*"
version = "3.0.1"

[[package]]
category = "dev"
description = "More routines for operating on iterables, beyond itertools"
name = "more-itertools"
optional = false
platform = "*"
python-versions = "*"
version = "4.3.0"

[package.dependencies]
six = ">=1.0.0,<2.0.0"

[[package]]
category = "main"
description = "NumPy: array processing for numbers, strings, records, and objects."
name = "numpy"
optional = false
platform = "Windows"
python-versions = ">=2.7,!=3.0.*,!=3.1.*,!=3.2.*,!=3.3.*"
version = "1.15.2"

[[package]]
category = "dev"
description = "plugin and hook calling mechanisms for python"
name = "pluggy"
optional = false
platform = "unix"
python-versions = ">=2.7, !=3.0.*, !=3.1.*, !=3.2.*, !=3.3.*"
version = "0.7.1"

[[package]]
category = "main"
description = "Protocol Buffers"
name = "protobuf"
optional = false
platform = "*"
python-versions = "*"
version = "3.6.1"

[package.dependencies]
setuptools = "*"
six = ">=1.9"

[[package]]
category = "dev"
description = "library with cross-python path, ini-parsing, io, code, log facilities"
name = "py"
optional = false
platform = "unix"
python-versions = ">=2.7, !=3.0.*, !=3.1.*, !=3.2.*, !=3.3.*"
version = "1.6.0"

[[package]]
category = "main"
description = "Cross-platform windowing and multimedia library"
name = "pyglet"
optional = false
platform = "*"
python-versions = "*"
version = "1.3.2"

[package.dependencies]
future = "*"

[[package]]
category = "dev"
description = "pytest: simple powerful testing with Python"
name = "pytest"
optional = false
platform = "unix"
python-versions = ">=2.7, !=3.0.*, !=3.1.*, !=3.2.*, !=3.3.*"
version = "3.8.2"

[package.dependencies]
atomicwrites = ">=1.0"
attrs = ">=17.4.0"
more-itertools = ">=4.0.0"
pluggy = ">=0.7"
py = ">=1.5.0"
setuptools = "*"
six = ">=1.10.0"

[package.dependencies.colorama]
platform = "win32"
version = "*"

[[package]]
category = "main"
description = "Python HTTP for Humans."
name = "requests"
optional = false
platform = "*"
python-versions = ">=2.6, !=3.0.*, !=3.1.*, !=3.2.*, !=3.3.*"
version = "2.19.1"

[package.dependencies]
certifi = ">=2017.4.17"
chardet = ">=3.0.2,<3.1.0"
idna = ">=2.5,<2.8"
urllib3 = ">=1.21.1,<1.24"

[[package]]
category = "main"
description = "SciPy: Scientific Library for Python"
name = "scipy"
optional = false
platform = "Windows"
python-versions = ">=2.7,!=3.0.*,!=3.1.*,!=3.2.*,!=3.3.*"
version = "1.1.0"

[package.dependencies]
numpy = ">=1.8.2"

[[package]]
category = "main"
description = "Python 2 and 3 compatibility utilities"
name = "six"
optional = false
platform = "*"
python-versions = "*"
version = "1.11.0"

[[package]]
category = "main"
description = "TensorBoard lets you watch Tensors Flow"
name = "tensorboard"
optional = false
platform = "*"
python-versions = ">= 2.7, != 3.0.*, != 3.1.*"
version = "1.11.0"

[package.dependencies]
grpcio = ">=1.6.3"
markdown = ">=2.6.8"
numpy = ">=1.12.0"
protobuf = ">=3.4.0"
six = ">=1.10.0"
werkzeug = ">=0.11.10"

[package.dependencies.wheel]
python = ">=3"
version = ">=0.26"

[[package]]
category = "main"
description = "TensorFlow is an open source machine learning framework for everyone."
name = "tensorflow"
optional = false
platform = "*"
python-versions = "*"
version = "1.11.0"

[package.dependencies]
absl-py = ">=0.1.6"
astor = ">=0.6.0"
gast = ">=0.2.0"
grpcio = ">=1.8.6"
keras-applications = ">=1.0.5"
keras-preprocessing = ">=1.0.3"
numpy = ">=1.13.3"
protobuf = ">=3.6.0"
setuptools = "<=39.1.0"
six = ">=1.10.0"
tensorboard = ">=1.11.0,<1.12.0"
termcolor = ">=1.1.0"
wheel = ">=0.26"

[[package]]
category = "main"
description = "ANSII Color formatting for output in terminal."
name = "termcolor"
optional = false
platform = "UNKNOWN"
python-versions = "*"
version = "1.1.0"

[[package]]
category = "main"
description = "Tensors and Dynamic neural networks in Python with strong GPU acceleration"
name = "torch"
optional = false
platform = "*"
python-versions = "*"
version = "0.4.1"

[[package]]
category = "main"
description = "HTTP library with thread-safe connection pooling, file post, and more."
name = "urllib3"
optional = false
platform = "*"
python-versions = ">=2.6, !=3.0.*, !=3.1.*, !=3.2.*, !=3.3.*, <4"
version = "1.23"

[[package]]
category = "main"
description = "The comprehensive WSGI web application library."
name = "werkzeug"
optional = false
platform = "any"
python-versions = "*"
version = "0.14.1"

[[package]]
category = "main"
description = "A built-package format for Python."
name = "wheel"
optional = false
platform = "*"
python-versions = ">=2.7, !=3.0.*, !=3.1.*, !=3.2.*, !=3.3.*"
version = "0.32.1"

[metadata]
content-hash = "356273afed248584fa823a9fedfd4536646dc3ff876d5c8e9df11036fb370711"
platform = "*"
python-versions = "^3.6"

[metadata.hashes]
absl-py = ["6fcc3c04dc881fd93d793674a42ee8c73155570eda8f8b90c4477c8522478b7b"]
astor = ["95c30d87a6c2cf89aa628b87398466840f0ad8652f88eb173125a6df8533fb8d", "fb503b9e2fdd05609fbf557b916b4a7824171203701660f0c55bbf5a7a68713e"]
atomicwrites = ["0312ad34fcad8fac3704d441f7b317e50af620823353ec657a53e981f92920c0", "ec9ae8adaae229e4f8446952d204a3e4b5fdd2d099f9be3aaf556120135fb3ee"]
attrs = ["10cbf6e27dbce8c30807caf056c8eb50917e0eaafe86347671b57254006c3e69", "ca4be454458f9dec299268d472aaa5a11f67a4ff70093396e1ceae9c76cf4bbb"]
certifi = ["376690d6f16d32f9d1fe8932551d80b23e9d393a8578c5633a2ed39a64861638", "456048c7e371c089d0a77a5212fb37a2c2dce1e24146e3b7e0261736aaeaa22a"]
chardet = ["84ab92ed1c4d4f16916e05906b6b75a6c0fb5db821cc65e70cbd64a3e2a5eaae", "fc323ffcaeaed0e0a02bf4d117757b98aed530d9ed4531e3e15460124c106691"]
click = ["2335065e6395b9e67ca716de5f7526736bfa6ceead690adf616d925bdc622b13", "5b94b49521f6456670fdb30cd82a4eca9412788a93fa6dd6df72c94d5a8ff2d7"]
colorama = ["a3d89af5db9e9806a779a50296b5fdb466e281147c2c235e8225ecc6dbf7bbf3", "c9b54bebe91a6a803e0772c8561d53f2926bfeb17cd141fbabcb08424086595c"]
enum34 = ["2d81cbbe0e73112bdfe6ef8576f2238f2ba27dd0d55752a776c41d38b7da2850", "644837f692e5f550741432dd3f223bbb9852018674981b1664e5dc339387588a", "6bd0f6ad48ec2aa117d3d141940d484deccda84d4fcd884f5c3d93c23ecd8c79", "8ad8c4783bf61ded74527bffb48ed9b54166685e4230386a9ed9b1279e2df5b1"]
future = ["e39ced1ab767b5936646cedba8bcce582398233d6a627067d4c6a454c90cfedb"]
futures = ["51ecb45f0add83c806c68e4b06106f90db260585b25ef2abfcda0bd95c0132fd", "c4884a65654a7c45435063e14ae85280eb1f111d94e542396717ba9828c4337f"]
gast = ["7068908321ecd2774f145193c4b34a11305bd104b4551b09273dfd1d6a374930"]
grpcio = ["00e0ed7a4558b65df24aed9369880c7e247bcd48c9c71c9c40f3143ab02842a5", "113d457cf87a2d642820f2a442008d714c52f9760fea2c02b22fe06aacc40531", "114399097a2af15fac768dd99c32171ed33804bf127945b5cba0fb9f4380b09d", "14a16eb13472cb16213dad17d4580d885824e04b93ae4323ed532168f99477a0", "15a5fc23ba2e5f30758fbb8763f79a764e3de1ffcb92c2ccd46f45ffa63910d2", "16cdd82a3aed9b6d3067492413bfffe61bf0f98c06f2942f887d79b8fd68898d", "21901beb267bd996a094d960996bff047db7c10ad3bfa7bd4689eb0374101e63", "253ae7ed8b50132ab331146ecb329d740330f9f76b6986cc36c3280eb74878c7", "25f2d6120e710223195027375855a06cfc5a4f448e89b20f8f09975527297aeb", "2767b87260b2256d738a496d5aaf8ce4bbeef34cdbe9c852508c09a36ff35631", "2fffb227db6d95e62086563720518cd5cdbf7127675f49067f55d3c7cca019c4", "3b16f12bedb3fc22db8c4a55119f460778330d0ca44cc9716d106170b4270685", "3f57682b103febfd603350d2e0c91bdb5240593dd3c377ade9ab27da0540f4ad", "4473f462accbfb6207174af8bbdd21c09d355a16d6a718e24810afb236ed237e", "4a70e37c6bf2f81f48f739184c058c9912caf9fd85db6b8688e8916b748b02cb", "529b872bddc0ad5243fa58f77dfbac1a04c9812f35a4d2033cba795e3b579411", "5f54bb445a443a12123d88f3f83a715d00c0579481201e08caa931a0c38f794e", "670e884e5b5c8805e30d214da790cb86487db27ed9e7ccd74f11a2bc5a27df2b", "67f1dd57935abe0d090f3b5f9fbc4d7ef84a53c9cd806c7cb91a2bda9dd8f14a", "6bb4acb354a0f84ca767658bf414b70dbfc88a41210456720e5ef1248354b0ad", "701534465e7936524e786f9448e9ccc9a519fddb59bca744ef2abe04fd737104", "7ab4fcef50ec8257a4ec5ff676001d9be466aa965df57ccf89873a263c7bb4ae", "7b2f2882a909213d038f399dcf07995870e3a2f27a93ce8dbfb65db860df30be", "9380f8365d9fd7fea6497615295b4e749345bdc7990655d52ad22fef0127f1d3", "aa4ca8f74500d90a6b8745aef03fb765b8c1655524f695baa46320763aad5822", "bf203d00fa7d7f9a67646c5468732b03330f7910fffa1bac7dcde956d27d3508", "cba9f8b4910644c6664f875ba20e8ea031919118d4567fe0b77aee28d7fa32c6", "d360ccb3aedec5b799c8b0d7968013b92a5a67fad00da77ff987360d59182f9f", "e0b262828da4b0986ab9994ed8727655b21f1575b6b31cf2f05ba0d9ca650bae", "e9caf61a789dd657404195d7bc0d3e521bf1878b43448ffe8b03bb03e27fb23d", "eade750711df77696ae8361412018c0b294bb078fc0a3b51f5a77e789af692c7", "f322631581149eb35f834ea0defcacf4edc8641db206f83027b9c239aa46a442"]
gym = ["bd8933a883f8f8974f8c2c1bdbe074d3c1ccb2eb96b3384b2df7d6d98c9e52a2"]
h5py = ["0f8cd2acbacf3177b4427ed42639c911667b1f24d923388ab1f8ad466a12be5e", "11277e3879098f921ee9e29105b20591e1dfdd44963357399f2abaa1a280c560", "1241dec0c94ac32f3285cac1d6f44beabf80423e422ab03bd2686d731a8a9294", "17b8187de0b3a945d8e8d031e7eb6ece2fce90791f9c5fde36f4396bf38fdde1", "2f30007d0796788a454c1293262f19f25e6428317d3d386f78138fba2a44e37d", "308e0758587ee16d4e73e7f2f8aae8351091e343bf0a43d2f697f9535465c816", "37cacddf0e8209905f52537a8cf71da0dd9a4de62bd79247274c97b24a408997", "38a23bb599748adf23d77f74885c0de6f4a7d9baa42f74e476bbf90fba2b47dd", "47ab18b7b7bbc36fd2b606289b703b6f0ee915b923d6ad94dd17ac80ebffc280", "486c78330af0bf33f5077b51d1888c0739c3cd1a03d5aade0d48572b3b5690ca", "4e2183458d6ef1ae87dfb5d6acd0786359336cd9ac0ece6396c09b59fdaa3bd6", "51d0595c3e58814c831f6cd2b664a5bf9590e26262c1d541b380d041e4fcb3c0", "56d259d56822b70881760b243957f04a0cf133f0ec65eae6a33f562826aee899", "5e6e777653169a3cc24ea56bb3d8c845ea391f8914c35bb6f350b0753a52891c", "62bfb0ebb0f59e5dccc0b0dbbc0fc40dd1d1e09d04c0dc71f89790231531d4a2", "67d89b64debfa021b54aa6f24bbf008403bd144748a0148596b518bce80d2fc4", "6bf38571f555fa214493ec6349d29024cc5f313bf1715b09f236c553fd22ae4d", "9214ca445c18a37bfe9c165982c0e317e2f21f035c8d635d1c6d9fcbaf35b7a8", "ab0c52850428d2e86029935389379c2c97f752e76b616da851deec8a4484f8ec", "b2eff336697d8dfd712c5d93fef9f4e4d3e97d9d8c258801836b8664a239e07a", "bb33fabc0b8f3fe3bb0f8d6821b2fad5b2a64c27a0808e8d1c5c1e3362062064", "bd5353ab342bae1262b04745934cc1565df4cbc8d6a979a0c98f42209bd5c265", "bd73444efd1ac06dac27b8405bbe8791a02fd1bc8a2fa0e575257f90b7b57467", "bd932236a2ef91a75fee5d7f4ace80ab494c5a59cd092a67c9785ddb7fdc218c", "c45650de228ace7731e4280e14fb687f6d5c29cd666c5b22b42492b035e994d6", "d5c0c01da45f901a3d429e7ef9e7e22baa869e1affb8715f1bf94e6a30020740", "d75035db5bde802a29f4f29f18bb7548863d29ac90ccbf2c04c11799bbbba2c3", "dda88206dc9464923f27f601000bc5b152ac0bd6d0122f098d4f239150a70076", "e1c2ac5d0aa232c0f60fecc6bd1122346885086a176f939b91058c4c980cc226", "e626c65a8587921ebc7fb8d31a49addfdd0b9a9aa96315ea484c09803337b955"]
idna = ["156a6814fb5ac1fc6850fb002e0852d56c0c8d2531923a51032d1b70760e186e", "684a38a6f903c1d71d6d5fac066b58d7768af4de2b832e426ec79c30daa94a16"]
keras-applications = ["721dda4fa4e043e5bbd6f52a2996885c4639a7130ae478059b3798d0706f5ae7", "a03af60ddc9c5afdae4d5c9a8dd4ca857550e0b793733a5072e0725829b87017"]
keras-preprocessing = ["90d04c1750bccceef88ac09475c291b4b5f6aa1eaf0603167061b1aa8b043c61", "ef2e482c4336fcf7180244d06f4374939099daa3183816e82aee7755af35b754"]
markdown = ["c00429bd503a47ec88d5e30a751e147dcb4c6889663cd3e2ba0afe858e009baa", "d02e0f9b04c500cde6637c11ad7c72671f359b87b9fe924b2383649d8841db7c"]
more-itertools = ["c187a73da93e7a8acc0001572aebc7e3c69daf7bf6881a2cea10650bd4420092", "c476b5d3a34e12d40130bc2f935028b5f636df8f372dc2c1c01dc19681b2039e", "fcbfeaea0be121980e15bc97b3817b5202ca73d0eae185b4550cbfce2a3ebb3d"]
numpy = ["1b1cf8f7300cf7b11ddb4250b3898c711a6187df05341b5b7153db23ffe5d498", "27a0d018f608a3fe34ac5e2b876f4c23c47e38295c47dd0775cc294cd2614bc1", "3fde172e28c899580d32dc21cb6d4a1225d62362f61050b654545c662eac215a", "497d7c86df4f85eb03b7f58a7dd0f8b948b1f582e77629341f624ba301b4d204", "4e28e66cf80c09a628ae680efeb0aa9a066eb4bb7db2a5669024c5b034891576", "58be95faf0ca2d886b5b337e7cba2923e3ad1224b806a91223ea39f1e0c77d03", "5b4dfb6551eaeaf532054e2c6ef4b19c449c2e3a709ebdde6392acb1372ecabc", "63f833a7c622e9082df3cbaf03b4fd92d7e0c11e2f9d87cb57dbf0e84441964b", "71bf3b7ca15b1967bba3a1ef6a8e87286382a8b5e46ac76b42a02fe787c5237d", "733dc5d47e71236263837825b69c975bc08728ae638452b34aeb1d6fa347b780", "82f00a1e2695a0e5b89879aa25ea614530b8ebdca6d49d4834843d498e8a5e92", "866bf72b9c3bfabe4476d866c70ee1714ad3e2f7b7048bb934892335e7b6b1f7", "8aeac8b08f4b8c52129518efcd93706bb6d506ccd17830b67d18d0227cf32d9e", "8d2cfb0aef7ec8759736cce26946efa084cdf49797712333539ef7d135e0295e", "981224224bbf44d95278eb37996162e8beb6f144d2719b144e86dfe2fce6c510", "981daff58fa3985a26daa4faa2b726c4e7a1d45178100125c0e1fdaf2ac64978", "9ad36dbfdbb0cba90a08e7343fadf86f43cf6d87450e8d2b5d71d7c7202907e4", "a251570bb3cb04f1627f23c234ad09af0e54fc8194e026cf46178f2e5748d647", "b5ff7dae352fd9e1edddad1348698e9fea14064460a7e39121ef9526745802e6", "c898f9cca806102fcacb6309899743aa39efb2ad2a302f4c319f54db9f05cd84", "cf4b970042ce148ad8dce4369c02a4078b382dadf20067ce2629c239d76460d1", "d1569013e8cc8f37e9769d19effdd85e404c976cd0ca28a94e3ddc026c216ae8", "dca261e85fe0d34b2c242ecb31c9ab693509af2cf955d9caf01ee3ef3669abd0", "ec8bf53ef7c92c99340972519adbe122e82c81d5b87cbd955c74ba8a8cd2a4ad", "f2e55726a9ee2e8129d6ce6abb466304868051bcc7a09d652b3b07cd86e801a2", "f4dee74f2626c783a3804df9191e9008946a104d5a284e52427a53ff576423cb", "f592fd7fe1f20b5041928cce1330937eca62f9058cb41e69c2c2d83cffc0d1e3", "ffab5b80bba8c86251291b8ce2e6c99a61446459d4c6637f5d5cc8c9ce37c972"]
pluggy = ["6e3836e39f4d36ae72840833db137f7b7d35105079aee6ec4a62d9f80d594dd1", "95eb8364a4708392bae89035f45341871286a333f749c3141c20573d2b3876e1"]
protobuf = ["10394a4d03af7060fa8a6e1cbf38cea44be1467053b0aea5bbfcb4b13c4b88c4", "1489b376b0f364bcc6f89519718c057eb191d7ad6f1b395ffd93d1aa45587811", "1931d8efce896981fe410c802fd66df14f9f429c32a72dd9cfeeac9815ec6444", "196d3a80f93c537f27d2a19a4fafb826fb4c331b0b99110f985119391d170f96", "46e34fdcc2b1f2620172d3a4885128705a4e658b9b62355ae5e98f9ea19f42c2", "59cd75ded98094d3cf2d79e84cdb38a46e33e7441b2826f3838dcc7c07f82995", "5ee0522eed6680bb5bac5b6d738f7b0923b3cafce8c4b1a039a6107f0841d7ed", "65917cfd5da9dfc993d5684643063318a2e875f798047911a9dd71ca066641c9", "685bc4ec61a50f7360c9fd18e277b65db90105adbf9c79938bd315435e526b90", "92e8418976e52201364a3174e40dc31f5fd8c147186d72380cbda54e0464ee19", "9335f79d1940dfb9bcaf8ec881fb8ab47d7a2c721fb8b02949aab8bbf8b68625", "a7ee3bb6de78185e5411487bef8bc1c59ebd97e47713cba3c460ef44e99b3db9", "ceec283da2323e2431c49de58f80e1718986b79be59c266bb0509cbf90ca5b9e", "e7a5ccf56444211d79e3204b05087c1460c212a2c7d62f948b996660d0165d68", "fcfc907746ec22716f05ea96b7f41597dfe1a1c088f861efb8a0d4f4196a6f10"]
py = ["06a30435d058473046be836d3fc4f27167fd84c45b99704f2fb5509ef61f9af1", "50402e9d1c9005d759426988a492e0edaadb7f4e68bcddfea586bc7432d009c6"]
pyglet = ["8b07aea16f34ac861cffd06a0c17723ca944d172e577b57b21859b7990709a66", "b00570e7cdf6971af8953b6ece50d83d13272afa5d1f1197c58c0f478dd17743"]
pytest = ["7e258ee50338f4e46957f9e09a0f10fb1c2d05493fa901d113a8dafd0790de4e", "9332147e9af2dcf46cd7ceb14d5acadb6564744ddff1fe8c17f0ce60ece7d9a2"]
requests = ["63b52e3c866428a224f97cab011de738c36aec0185aa91cfacd418b5d58911d1", "ec22d826a36ed72a7358ff3fe56cbd4ba69dd7a6718ffd450ff0e9df7a47ce6a"]
scipy = ["0611ee97296265af4a21164a5323f8c1b4e8e15c582d3dfa7610825900136bb7", "08237eda23fd8e4e54838258b124f1cd141379a5f281b0a234ca99b38918c07a", "0e645dbfc03f279e1946cf07c9c754c2a1859cb4a41c5f70b25f6b3a586b6dbd", "0e9bb7efe5f051ea7212555b290e784b82f21ffd0f655405ac4f87e288b730b3", "108c16640849e5827e7d51023efb3bd79244098c3f21e4897a1007720cb7ce37", "340ef70f5b0f4e2b4b43c8c8061165911bc6b2ad16f8de85d9774545e2c47463", "3ad73dfc6f82e494195144bd3a129c7241e761179b7cb5c07b9a0ede99c686f3", "3b243c77a822cd034dad53058d7c2abf80062aa6f4a32e9799c95d6391558631", "404a00314e85eca9d46b80929571b938e97a143b4f2ddc2b2b3c91a4c4ead9c5", "423b3ff76957d29d1cce1bc0d62ebaf9a3fdfaf62344e3fdec14619bb7b5ad3a", "42d9149a2fff7affdd352d157fa5717033767857c11bd55aa4a519a44343dfef", "625f25a6b7d795e8830cb70439453c9f163e6870e710ec99eba5722775b318f3", "698c6409da58686f2df3d6f815491fd5b4c2de6817a45379517c92366eea208f", "729f8f8363d32cebcb946de278324ab43d28096f36593be6281ca1ee86ce6559", "8190770146a4c8ed5d330d5b5ad1c76251c63349d25c96b3094875b930c44692", "878352408424dffaa695ffedf2f9f92844e116686923ed9aa8626fc30d32cfd1", "8b984f0821577d889f3c7ca8445564175fb4ac7c7f9659b7c60bef95b2b70e76", "8f841bbc21d3dad2111a94c490fb0a591b8612ffea86b8e5571746ae76a3deac", "c22b27371b3866c92796e5d7907e914f0e58a36d3222c5d436ddd3f0e354227a", "d0cdd5658b49a722783b8b4f61a6f1f9c75042d0e29a30ccb6cacc9b25f6d9e2", "d40dc7f494b06dcee0d303e51a00451b2da6119acbeaccf8369f2d29e28917ac", "d8491d4784aceb1f100ddb8e31239c54e4afab8d607928a9f7ef2469ec35ae01", "dfc5080c38dde3f43d8fbb9c0539a7839683475226cf83e4b24363b227dfe552", "e24e22c8d98d3c704bb3410bce9b69e122a8de487ad3dbfe9985d154e5c03a40", "e7a01e53163818d56eabddcafdc2090e9daba178aad05516b20c6591c4811020", "ee677635393414930541a096fc8e61634304bb0153e4e02b75685b11eba14cae", "f0521af1b722265d824d6ad055acfe9bd3341765735c44b5a4d0069e189a0f40", "f25c281f12c0da726c6ed00535ca5d1622ec755c30a3f8eafef26cf43fede694"]
six = ["70e8a77beed4562e7f14fe23a786b54f6296e34344c23bc42f07b15018ff98e9", "832dc0e10feb1aa2c68dcc57dbb658f1c7e65b9b61af69048abc87a2db00a0eb"]
tensorboard = ["9b3098fa6f2bdef0468e9424ca8165a22fa820479d34d3137b60d684ff196dda", "c5adadd4ba12aa8a036d46591c17ceda93033df12ab1ea8e265194645f597ed6"]
tensorflow = ["12750d7b5950eb6afff9027099e114ee293cbac9fa0b407fa1405e0dea334be6", "22eef543ffd3c1d85529cf7c316ee052a93b41fe522090ee9e35166639e61426", "233896512caef88cf1c14d9bfca047a0d8c331ebbcef37d53f1eebbbfaf780e8", "27e5c8204e89399b21b5e34a8b01c37c9adc0bde284b818d0dad1d31f0ebe4e7", "5864812450ae4d9357341e83a4d90aa75bd8cc81a0dfade25c9597e45bea26a5", "839210413f4172b180426a8252904ee9d3f374da6f9c1c8ed67a2e2531a11235", "89eca3ff731213f03d122d331252e504dbcf1f429663281f4b8e8d83c8762899", "8aa98c80817fc67510a3a99769d71a66499cc7164c0c46f19d084cc9b1f937a8", "8e70949273d52fe85c2f85c3159e0fcc666773beaae75a52ae9d90d71f599cc6", "b493edf82a840bc4539bc9303ed8ef7188475213e3057822513c892654208a9a", "b680435e7fe7d1c977bd9dcc6d18edaee230fef40c37a4dc3a0ecb65ac2b9087", "d9ee31c5d763b5228d98f1ce206a0f4d43f766d77c7486d010fcbe3231189cce"]
termcolor = ["1d6d69ce66211143803fbc56652b41d73b4a400a2891d7bf7a1cdf4c02de613b"]
torch = ["108aef4c2744724d19d76c2344108db6abb60e86cfc9e06eb3d46386ea3b6097", "2acd73723a0f0bd0b8114531e78b7ad3c753a2f2c0047623043cba4dae08ae90", "400f50a9551c5ed2fbea9bd199e14e2ec79964dd792053802b51269eec96320b", "4bf7ffe72bf1af8305b6a3acbe246351f4e09a1c4d4de2364066064da56c869b", "725ae85be70a569583863c263e281938b21e5e92d9a8f480094555b59a82936d", "762eeb0ef4c6de1d9bf12616f362d979cabf1c2b988d5a90bb074adcdc30a079", "7e3bac584473688720e26323bf209b97c015fc4e9a12a34962df3ff7ad0ce597", "db668180b11144579d503041339025cc76a70bc0da877f2f91f386fe9229e292", "e740fb4442ab0cf6a5e5c5279b6ad3cebdeb8f30ce1dabb293cf437178f12a78"]
urllib3 = ["a68ac5e15e76e7e5dd2b8f94007233e01effe3e50e8daddf69acfd81cb686baf", "b5725a0bd4ba422ab0e66e89e030c806576753ea3ee08554382c14e685d117b5"]
werkzeug = ["c3fd7a7d41976d9f44db327260e263132466836cef6f91512889ed60ad26557c", "d5da73735293558eb1651ee2fddc4d0dedcfa06538b8813a2e20011583c9e49b"]
wheel = ["9fa1f772f1a2df2bd00ddb4fa57e1cc349301e1facb98fbe62329803a9ff1196", "d215f4520a1ba1851a3c00ba2b4122665cd3d6b0834d2ba2816198b1e3024a0e"]
